
Microsoft Visual Studio Solution File, Format Version 12.00
# Visual Studio Version 17
VisualStudioVersion = 17.7.34031.279
MinimumVisualStudioVersion = 10.0.40219.1
Project("{FAE04EC0-301F-11D3-BF4B-00C04F79EFBC}") = "MediExpress", "MediExpress.csproj", "{FBC94613-477E-4895-901B-EE239AC990C1}"
EndProject
Project("{FAE04EC0-301F-11D3-BF4B-00C04F79EFBC}") = "BLL", "..\BLL\BLL.csproj", "{F8530FDE-DAD7-4FF9-996E-A6AE3322C8CA}"
EndProject
Project("{FAE04EC0-301F-11D3-BF4B-00C04F79EFBC}") = "DAL", "..\DAL\DAL.csproj", "{0F321810-F4DB-4802-BD42-B58B249128B8}"
EndProject
Global
	GlobalSection(SolutionConfigurationPlatforms) = preSolution
		Debug|Any CPU = Debug|Any CPU
		Release|Any CPU = Release|Any CPU
	EndGlobalSection
	GlobalSection(ProjectConfigurationPlatforms) = postSolution
		{FBC94613-477E-4895-901B-EE239AC990C1}.Debug|Any CPU.ActiveCfg = Debug|Any CPU
		{FBC94613-477E-4895-901B-EE239AC990C1}.Debug|Any CPU.Build.0 = Debug|Any CPU
		{FBC94613-477E-4895-901B-EE239AC990C1}.Release|Any CPU.ActiveCfg = Release|Any CPU
		{FBC94613-477E-4895-901B-EE239AC990C1}.Release|Any CPU.Build.0 = Release|Any CPU
		{F8530FDE-DAD7-4FF9-996E-A6AE3322C8CA}.Debug|Any CPU.ActiveCfg = Debug|Any CPU
		{F8530FDE-DAD7-4FF9-996E-A6AE3322C8CA}.Debug|Any CPU.Build.0 = Debug|Any CPU
		{F8530FDE-DAD7-4FF9-996E-A6AE3322C8CA}.Release|Any CPU.ActiveCfg = Release|Any CPU
		{F8530FDE-DAD7-4FF9-996E-A6AE3322C8CA}.Release|Any CPU.Build.0 = Release|Any CPU
		{0F321810-F4DB-4802-BD42-B58B249128B8}.Debug|Any CPU.ActiveCfg = Debug|Any CPU
		{0F321810-F4DB-4802-BD42-B58B249128B8}.Debug|Any CPU.Build.0 = Debug|Any CPU
		{0F321810-F4DB-4802-BD42-B58B249128B8}.Release|Any CPU.ActiveCfg = Release|Any CPU
		{0F321810-F4DB-4802-BD42-B58B249128B8}.Release|Any CPU.Build.0 = Release|Any CPU
	EndGlobalSection
	GlobalSection(SolutionProperties) = preSolution
		HideSolutionNode = FALSE
	EndGlobalSection
	GlobalSection(ExtensibilityGlobals) = postSolution
		SolutionGuid = {84C3174D-5505-407E-BB75-67F71D88FE22}
	EndGlobalSection
EndGlobal
